
Microsoft Visual Studio Solution File, Format Version 12.00
# Visual Studio Version 17
VisualStudioVersion = 17.11.35208.52
MinimumVisualStudioVersion = 10.0.40219.1
Project("{FAE04EC0-301F-11D3-BF4B-00C04F79EFBC}") = "Chating-App", "Chating-App\Chating-App.csproj", "{D39E4669-86F7-43A4-B4A2-9D473BEA5FAD}"
EndProject
Global
	GlobalSection(SolutionConfigurationPlatforms) = preSolution
		Debug|Any CPU = Debug|Any CPU
		Release|Any CPU = Release|Any CPU
	EndGlobalSection
	GlobalSection(ProjectConfigurationPlatforms) = postSolution
		{D39E4669-86F7-43A4-B4A2-9D473BEA5FAD}.Debug|Any CPU.ActiveCfg = Debug|Any CPU
		{D39E4669-86F7-43A4-B4A2-9D473BEA5FAD}.Debug|Any CPU.Build.0 = Debug|Any CPU
		{D39E4669-86F7-43A4-B4A2-9D473BEA5FAD}.Release|Any CPU.ActiveCfg = Release|Any CPU
		{D39E4669-86F7-43A4-B4A2-9D473BEA5FAD}.Release|Any CPU.Build.0 = Release|Any CPU
	EndGlobalSection
	GlobalSection(SolutionProperties) = preSolution
		HideSolutionNode = FALSE
	EndGlobalSection
	GlobalSection(ExtensibilityGlobals) = postSolution
		SolutionGuid = {9AAED1C2-4B15-421D-8668-3B1412FDD4B6}
	EndGlobalSection
EndGlobal
